
Microsoft Visual Studio Solution File, Format Version 12.00
# Visual Studio 2013
VisualStudioVersion = 12.0.30110.0
MinimumVisualStudioVersion = 10.0.40219.1
Project("{FAE04EC0-301F-11D3-BF4B-00C04F79EFBC}") = "NeaTICs_v2", "NeaTICs_v2\NeaTICs_v2.csproj", "{64E56A02-B571-4D5C-B140-3A9CA3747E3F}"
EndProject
Project("{FAE04EC0-301F-11D3-BF4B-00C04F79EFBC}") = "Resources", "Resources\Resources.csproj", "{4F903A5A-E2BD-4601-ABFD-AFBB442826AC}"
EndProject
Global
	GlobalSection(TeamFoundationVersionControl) = preSolution
		SccNumberOfProjects = 3
		SccEnterpriseProvider = {4CA58AB2-18FA-4F8D-95D4-32DDF27D184C}
		SccTeamFoundationServer = https://agustinramirez.visualstudio.com/defaultcollection
		SccLocalPath0 = .
		SccProjectUniqueName1 = NeaTICs_v2\\NeaTICs_v2.csproj
		SccProjectName1 = NeaTICs_v2
		SccLocalPath1 = NeaTICs_v2
		SccProjectUniqueName2 = Resources\\Resources.csproj
		SccProjectName2 = Resources
		SccLocalPath2 = Resources
	EndGlobalSection
	GlobalSection(SolutionConfigurationPlatforms) = preSolution
		Debug|Any CPU = Debug|Any CPU
		Release|Any CPU = Release|Any CPU
	EndGlobalSection
	GlobalSection(ProjectConfigurationPlatforms) = postSolution
		{64E56A02-B571-4D5C-B140-3A9CA3747E3F}.Debug|Any CPU.ActiveCfg = Debug|Any CPU
		{64E56A02-B571-4D5C-B140-3A9CA3747E3F}.Debug|Any CPU.Build.0 = Debug|Any CPU
		{64E56A02-B571-4D5C-B140-3A9CA3747E3F}.Release|Any CPU.ActiveCfg = Release|Any CPU
		{64E56A02-B571-4D5C-B140-3A9CA3747E3F}.Release|Any CPU.Build.0 = Release|Any CPU
		{4F903A5A-E2BD-4601-ABFD-AFBB442826AC}.Debug|Any CPU.ActiveCfg = Debug|Any CPU
		{4F903A5A-E2BD-4601-ABFD-AFBB442826AC}.Debug|Any CPU.Build.0 = Debug|Any CPU
		{4F903A5A-E2BD-4601-ABFD-AFBB442826AC}.Release|Any CPU.ActiveCfg = Release|Any CPU
		{4F903A5A-E2BD-4601-ABFD-AFBB442826AC}.Release|Any CPU.Build.0 = Release|Any CPU
	EndGlobalSection
	GlobalSection(SolutionProperties) = preSolution
		HideSolutionNode = FALSE
	EndGlobalSection
EndGlobal
